{
  "name": "svelte-cached-router",
  "version": "1.0.11",
  "lockfileVersion": 1,
  "requires": true,
  "dependencies": {
    "animejs": {
      "version": "3.2.1",
      "resolved": "https://registry.npmjs.org/animejs/-/animejs-3.2.1.tgz",
      "integrity": "sha512-sWno3ugFryK5nhiDm/2BKeFCpZv7vzerWUcUPyAZLDhMek3+S/p418ldZJbJXo5ZUOpfm2kP2XRO4NJcULMy9A=="
    },
    "page.js": {
      "version": "4.13.3",
      "resolved": "https://registry.npmjs.org/page.js/-/page.js-4.13.3.tgz",
      "integrity": "sha1-1ff+vt0VrIUa0Y0+T/RdVMMgJ24=",
      "requires": {
        "path-to-regexp": "0.1.7"
      }
    },
    "path-to-regexp": {
      "version": "0.1.7",
      "resolved": "https://registry.npmjs.org/path-to-regexp/-/path-to-regexp-0.1.7.tgz",
      "integrity": "sha1-32BBeABfUi8V60SQ5yR6G/qmf4w="
    },
    "svelte": {
      "version": "3.44.0",
      "resolved": "https://registry.npmjs.org/svelte/-/svelte-3.44.0.tgz",
      "integrity": "sha512-zWACSJBSncGiDvFfYOMFGNV5zDLOlyhftmO5yOZ0lEtQMptpElaRtl39MWz1+lYCpwUq4F3Q2lTzI9TrTL+eMA==",
      "dev": true
    }
  }
}
